// !$*UTF8*$!
{
	archiveVersion = 1;
	classes = {
	};
	objectVersion = 46;
	objects = {

/* Begin PBXBuildFile section */
		9F13C5CB19FD3CD40041025F /* main.cpp in Sources */ = {isa = PBXBuildFile; fileRef = 9F13C5CA19FD3CD40041025F /* main.cpp */; };
		9F13C5D219FD3D290041025F /* libtbb.dylib in Frameworks */ = {isa = PBXBuildFile; fileRef = 9F13C5D119FD3D290041025F /* libtbb.dylib */; };
		9F13C5D319FD3D4F0041025F /* libtbb.dylib in CopyFiles */ = {isa = PBXBuildFile; fileRef = 9F13C5D119FD3D290041025F /* libtbb.dylib */; };
/* End PBXBuildFile section */

/* Begin PBXCopyFilesBuildPhase section */
		9F13C5C519FD3CD40041025F /* CopyFiles */ = {
			isa = PBXCopyFilesBuildPhase;
			buildActionMask = 12;
			dstPath = "";
			dstSubfolderSpec = 16;
			files = (
				9F13C5D319FD3D4F0041025F /* libtbb.dylib in CopyFiles */,
			);
			runOnlyForDeploymentPostprocessing = 0;
		};
/* End PBXCopyFilesBuildPhase section */

/* Begin PBXFileReference section */
		9F13C5C719FD3CD40041025F /* SiebDesEratosthenes */ = {isa = PBXFileReference; explicitFileType = "compiled.mach-o.executable"; includeInIndex = 0; path = SiebDesEratosthenes; sourceTree = BUILT_PRODUCTS_DIR; };
		9F13C5CA19FD3CD40041025F /* main.cpp */ = {isa = PBXFileReference; lastKnownFileType = sourcecode.cpp.cpp; path = main.cpp; sourceTree = "<group>"; };
		9F13C5D119FD3D290041025F /* libtbb.dylib */ = {isa = PBXFileReference; lastKnownFileType = "compiled.mach-o.dylib"; name = libtbb.dylib; path = tbb43_20140724oss/lib/libtbb.dylib; sourceTree = "<group>"; };
/* End PBXFileReference section */

/* Begin PBXFrameworksBuildPhase section */
		9F13C5C419FD3CD40041025F /* Frameworks */ = {
			isa = PBXFrameworksBuildPhase;
			buildActionMask = 2147483647;
			files = (
				9F13C5D219FD3D290041025F /* libtbb.dylib in Frameworks */,
			);
			runOnlyForDeploymentPostprocessing = 0;
		};
/* End PBXFrameworksBuildPhase section */

/* Begin PBXGroup section */
		9F13C5BE19FD3CD40041025F = {
			isa = PBXGroup;
			children = (
				9F13C5D119FD3D290041025F /* libtbb.dylib */,
				9F13C5C919FD3CD40041025F /* SiebDesEratosthenes */,
				9F13C5C819FD3CD40041025F /* Products */,
			);
			sourceTree = "<group>";
		};
		9F13C5C819FD3CD40041025F /* Products */ = {
			isa = PBXGroup;
			children = (
				9F13C5C719FD3CD40041025F /* SiebDesEratosthenes */,
			);
			name = Products;
			sourceTree = "<group>";
		};
		9F13C5C919FD3CD40041025F /* SiebDesEratosthenes */ = {
			isa = PBXGroup;
			children = (
				9F13C5CA19FD3CD40041025F /* main.cpp */,
			);
			path = SiebDesEratosthenes;
			sourceTree = "<group>";
		};
/* End PBXGroup section */

/* Begin PBXNativeTarget section */
		9F13C5C619FD3CD40041025F /* SiebDesEratosthenes */ = {
			isa = PBXNativeTarget;
			buildConfigurationList = 9F13C5CE19FD3CD40041025F /* Build configuration list for PBXNativeTarget "SiebDesEratosthenes" */;
			buildPhases = (
				9F13C5C319FD3CD40041025F /* Sources */,
				9F13C5C419FD3CD40041025F /* Frameworks */,
				9F13C5C519FD3CD40041025F /* CopyFiles */,
			);
			buildRules = (
			);
			dependencies = (
			);
			name = SiebDesEratosthenes;
			productName = SiebDesEratosthenes;
			productReference = 9F13C5C719FD3CD40041025F /* SiebDesEratosthenes */;
			productType = "com.apple.product-type.tool";
		};
/* End PBXNativeTarget section */

/* Begin PBXProject section */
		9F13C5BF19FD3CD40041025F /* Project object */ = {
			isa = PBXProject;
			attributes = {
				LastUpgradeCheck = 0600;
				ORGANIZATIONNAME = "Gerloff, Christian";
				TargetAttributes = {
					9F13C5C619FD3CD40041025F = {
						CreatedOnToolsVersion = 6.0.1;
					};
				};
			};
			buildConfigurationList = 9F13C5C219FD3CD40041025F /* Build configuration list for PBXProject "SiebDesEratosthenes" */;
			compatibilityVersion = "Xcode 3.2";
			developmentRegion = English;
			hasScannedForEncodings = 0;
			knownRegions = (
				en,
			);
			mainGroup = 9F13C5BE19FD3CD40041025F;
			productRefGroup = 9F13C5C819FD3CD40041025F /* Products */;
			projectDirPath = "";
			projectRoot = "";
			targets = (
				9F13C5C619FD3CD40041025F /* SiebDesEratosthenes */,
			);
		};
/* End PBXProject section */

/* Begin PBXSourcesBuildPhase section */
		9F13C5C319FD3CD40041025F /* Sources */ = {
			isa = PBXSourcesBuildPhase;
			buildActionMask = 2147483647;
			files = (
				9F13C5CB19FD3CD40041025F /* main.cpp in Sources */,
			);
			runOnlyForDeploymentPostprocessing = 0;
		};
/* End PBXSourcesBuildPhase section */

/* Begin XCBuildConfiguration section */
		9F13C5CC19FD3CD40041025F /* Debug */ = {
			isa = XCBuildConfiguration;
			buildSettings = {
				ALWAYS_SEARCH_USER_PATHS = NO;
				CLANG_CXX_LANGUAGE_STANDARD = "gnu++0x";
				CLANG_CXX_LIBRARY = "libc++";
				CLANG_ENABLE_MODULES = YES;
				CLANG_ENABLE_OBJC_ARC = YES;
				CLANG_WARN_BOOL_CONVERSION = YES;
				CLANG_WARN_CONSTANT_CONVERSION = YES;
				CLANG_WARN_DIRECT_OBJC_ISA_USAGE = YES_ERROR;
				CLANG_WARN_EMPTY_BODY = YES;
				CLANG_WARN_ENUM_CONVERSION = YES;
				CLANG_WARN_INT_CONVERSION = YES;
				CLANG_WARN_OBJC_ROOT_CLASS = YES_ERROR;
				CLANG_WARN_UNREACHABLE_CODE = YES;
				CLANG_WARN__DUPLICATE_METHOD_MATCH = YES;
				COPY_PHASE_STRIP = NO;
				ENABLE_STRICT_OBJC_MSGSEND = YES;
				GCC_C_LANGUAGE_STANDARD = gnu99;
				GCC_DYNAMIC_NO_PIC = NO;
				GCC_OPTIMIZATION_LEVEL = 0;
				GCC_PREPROCESSOR_DEFINITIONS = (
					"DEBUG=1",
					"$(inherited)",
				);
				GCC_SYMBOLS_PRIVATE_EXTERN = NO;
				GCC_WARN_64_TO_32_BIT_CONVERSION = YES;
				GCC_WARN_ABOUT_RETURN_TYPE = YES_ERROR;
				GCC_WARN_UNDECLARED_SELECTOR = YES;
				GCC_WARN_UNINITIALIZED_AUTOS = YES_AGGRESSIVE;
				GCC_WARN_UNUSED_FUNCTION = YES;
				GCC_WARN_UNUSED_VARIABLE = YES;
				MACOSX_DEPLOYMENT_TARGET = 10.9;
				MTL_ENABLE_DEBUG_INFO = YES;
				ONLY_ACTIVE_ARCH = YES;
				SDKROOT = macosx;
			};
			name = Debug;
		};
		9F13C5CD19FD3CD40041025F /* Release */ = {
			isa = XCBuildConfiguration;
			buildSettings = {
				ALWAYS_SEARCH_USER_PATHS = NO;
				CLANG_CXX_LANGUAGE_STANDARD = "gnu++0x";
				CLANG_CXX_LIBRARY = "libc++";
				CLANG_ENABLE_MODULES = YES;
				CLANG_ENABLE_OBJC_ARC = YES;
				CLANG_WARN_BOOL_CONVERSION = YES;
				CLANG_WARN_CONSTANT_CONVERSION = YES;
				CLANG_WARN_DIRECT_OBJC_ISA_USAGE = YES_ERROR;
				CLANG_WARN_EMPTY_BODY = YES;
				CLANG_WARN_ENUM_CONVERSION = YES;
				CLANG_WARN_INT_CONVERSION = YES;
				CLANG_WARN_OBJC_ROOT_CLASS = YES_ERROR;
				CLANG_WARN_UNREACHABLE_CODE = YES;
				CLANG_WARN__DUPLICATE_METHOD_MATCH = YES;
				COPY_PHASE_STRIP = YES;
				DEBUG_INFORMATION_FORMAT = "dwarf-with-dsym";
				ENABLE_NS_ASSERTIONS = NO;
				ENABLE_STRICT_OBJC_MSGSEND = YES;
				GCC_C_LANGUAGE_STANDARD = gnu99;
				GCC_WARN_64_TO_32_BIT_CONVERSION = YES;
				GCC_WARN_ABOUT_RETURN_TYPE = YES_ERROR;
				GCC_WARN_UNDECLARED_SELECTOR = YES;
				GCC_WARN_UNINITIALIZED_AUTOS = YES_AGGRESSIVE;
				GCC_WARN_UNUSED_FUNCTION = YES;
				GCC_WARN_UNUSED_VARIABLE = YES;
				MACOSX_DEPLOYMENT_TARGET = 10.9;
				MTL_ENABLE_DEBUG_INFO = NO;
				SDKROOT = macosx;
			};
			name = Release;
		};
		9F13C5CF19FD3CD40041025F /* Debug */ = {
			isa = XCBuildConfiguration;
			buildSettings = {
				LIBRARY_SEARCH_PATHS = (
					"$(inherited)",
					"$(PROJECT_DIR)/tbb43_20140724oss/lib",
				);
				PRODUCT_NAME = "$(TARGET_NAME)";
				USER_HEADER_SEARCH_PATHS = "$(PROJECT_DIR)/tbb43_20140724oss/include";
			};
			name = Debug;
		};
		9F13C5D019FD3CD40041025F /* Release */ = {
			isa = XCBuildConfiguration;
			buildSettings = {
				LIBRARY_SEARCH_PATHS = (
					"$(inherited)",
					"$(PROJECT_DIR)/tbb43_20140724oss/lib",
				);
				PRODUCT_NAME = "$(TARGET_NAME)";
				USER_HEADER_SEARCH_PATHS = "$(PROJECT_DIR)/tbb43_20140724oss/include";
			};
			name = Release;
		};
/* End XCBuildConfiguration section */

/* Begin XCConfigurationList section */
		9F13C5C219FD3CD40041025F /* Build configuration list for PBXProject "SiebDesEratosthenes" */ = {
			isa = XCConfigurationList;
			buildConfigurations = (
				9F13C5CC19FD3CD40041025F /* Debug */,
				9F13C5CD19FD3CD40041025F /* Release */,
			);
			defaultConfigurationIsVisible = 0;
			defaultConfigurationName = Release;
		};
		9F13C5CE19FD3CD40041025F /* Build configuration list for PBXNativeTarget "SiebDesEratosthenes" */ = {
			isa = XCConfigurationList;
			buildConfigurations = (
				9F13C5CF19FD3CD40041025F /* Debug */,
				9F13C5D019FD3CD40041025F /* Release */,
			);
			defaultConfigurationIsVisible = 0;
		};
/* End XCConfigurationList section */
	};
	rootObject = 9F13C5BF19FD3CD40041025F /* Project object */;
}
